Microsoft Visual Studio Solution File, Format Version 12.00
# Visual Studio Version 17
VisualStudioVersion = 17.5.2.0
MinimumVisualStudioVersion = 10.0.40219.1
Project("{2150E333-8FDC-42A3-9474-1A3956D46DE8}") = "order-service", "order-service", "{621BBD2F-C6E5-1762-6C52-8C73FFD74C5D}"
EndProject
Project("{2150E333-8FDC-42A3-9474-1A3956D46DE8}") = "user-service", "user-service", "{6CE124D1-5A86-E753-8579-3C0287836B7C}"
EndProject
Project("{FAE04EC0-301F-11D3-BF4B-00C04F79EFBC}") = "OrderService.Api", "order-service\OrderService.Api\OrderService.Api.csproj", "{FE5D1E88-3A80-EC7C-27E2-B1D7716B29F8}"
EndProject
Project("{FAE04EC0-301F-11D3-BF4B-00C04F79EFBC}") = "UserService.Api", "user-service\UserService.Api\UserService.Api.csproj", "{59F17958-2162-783D-0ED1-B61B3320B805}"
EndProject
Global
	GlobalSection(SolutionConfigurationPlatforms) = preSolution
		Debug|Any CPU = Debug|Any CPU
		Release|Any CPU = Release|Any CPU
	EndGlobalSection
	GlobalSection(ProjectConfigurationPlatforms) = postSolution
		{FE5D1E88-3A80-EC7C-27E2-B1D7716B29F8}.Debug|Any CPU.ActiveCfg = Debug|Any CPU
		{FE5D1E88-3A80-EC7C-27E2-B1D7716B29F8}.Debug|Any CPU.Build.0 = Debug|Any CPU
		{FE5D1E88-3A80-EC7C-27E2-B1D7716B29F8}.Release|Any CPU.ActiveCfg = Release|Any CPU
		{FE5D1E88-3A80-EC7C-27E2-B1D7716B29F8}.Release|Any CPU.Build.0 = Release|Any CPU
		{59F17958-2162-783D-0ED1-B61B3320B805}.Debug|Any CPU.ActiveCfg = Debug|Any CPU
		{59F17958-2162-783D-0ED1-B61B3320B805}.Debug|Any CPU.Build.0 = Debug|Any CPU
		{59F17958-2162-783D-0ED1-B61B3320B805}.Release|Any CPU.ActiveCfg = Release|Any CPU
		{59F17958-2162-783D-0ED1-B61B3320B805}.Release|Any CPU.Build.0 = Release|Any CPU
	EndGlobalSection
	GlobalSection(SolutionProperties) = preSolution
		HideSolutionNode = FALSE
	EndGlobalSection
	GlobalSection(NestedProjects) = preSolution
		{FE5D1E88-3A80-EC7C-27E2-B1D7716B29F8} = {621BBD2F-C6E5-1762-6C52-8C73FFD74C5D}
		{59F17958-2162-783D-0ED1-B61B3320B805} = {6CE124D1-5A86-E753-8579-3C0287836B7C}
	EndGlobalSection
	GlobalSection(ExtensibilityGlobals) = postSolution
		SolutionGuid = {4E171C07-0AD6-4BEE-AE3A-E28D2373ED3B}
	EndGlobalSection
EndGlobal
